
Microsoft Visual Studio Solution File, Format Version 12.00
# Visual Studio Version 17
VisualStudioVersion = 17.14.36623.8 d17.14
MinimumVisualStudioVersion = 10.0.40219.1
Project("{FAE04EC0-301F-11D3-BF4B-00C04F79EFBC}") = "comboBox", "comboBox.csproj", "{35660F77-CD80-4E1F-BEBD-2B44FB58DDA5}"
EndProject
Global
	GlobalSection(SolutionConfigurationPlatforms) = preSolution
		Debug|Any CPU = Debug|Any CPU
		Release|Any CPU = Release|Any CPU
	EndGlobalSection
	GlobalSection(ProjectConfigurationPlatforms) = postSolution
		{35660F77-CD80-4E1F-BEBD-2B44FB58DDA5}.Debug|Any CPU.ActiveCfg = Debug|Any CPU
		{35660F77-CD80-4E1F-BEBD-2B44FB58DDA5}.Debug|Any CPU.Build.0 = Debug|Any CPU
		{35660F77-CD80-4E1F-BEBD-2B44FB58DDA5}.Release|Any CPU.ActiveCfg = Release|Any CPU
		{35660F77-CD80-4E1F-BEBD-2B44FB58DDA5}.Release|Any CPU.Build.0 = Release|Any CPU
	EndGlobalSection
	GlobalSection(SolutionProperties) = preSolution
		HideSolutionNode = FALSE
	EndGlobalSection
	GlobalSection(ExtensibilityGlobals) = postSolution
		SolutionGuid = {D13FEEBD-A54D-436E-8882-F1722E95E0FD}
	EndGlobalSection
EndGlobal
